// !$*UTF8*$!
{
	archiveVersion = 1;
	classes = {
	};
	objectVersion = 46;
	objects = {

/* Begin PBXBuildFile section */
		0EAEAD371BDED2D1005678BD /* AppDelegate.swift in Sources */ = {isa = PBXBuildFile; fileRef = 0EAEAD361BDED2D1005678BD /* AppDelegate.swift */; };
		0EAEAD391BDED2D1005678BD /* MasterViewController.swift in Sources */ = {isa = PBXBuildFile; fileRef = 0EAEAD381BDED2D1005678BD /* MasterViewController.swift */; };
		0EAEAD3B1BDED2D1005678BD /* DetailViewController.swift in Sources */ = {isa = PBXBuildFile; fileRef = 0EAEAD3A1BDED2D1005678BD /* DetailViewController.swift */; };
		0EAEAD3E1BDED2D1005678BD /* Main.storyboard in Resources */ = {isa = PBXBuildFile; fileRef = 0EAEAD3C1BDED2D1005678BD /* Main.storyboard */; };
		0EAEAD401BDED2D1005678BD /* Assets.xcassets in Resources */ = {isa = PBXBuildFile; fileRef = 0EAEAD3F1BDED2D1005678BD /* Assets.xcassets */; };
		0EAEAD431BDED2D1005678BD /* LaunchScreen.storyboard in Resources */ = {isa = PBXBuildFile; fileRef = 0EAEAD411BDED2D1005678BD /* LaunchScreen.storyboard */; };
		0EAEAD491BDEDFF5005678BD /* beep22.mp3 in Resources */ = {isa = PBXBuildFile; fileRef = 0EAEAD481BDEDFF5005678BD /* beep22.mp3 */; };
		0EB7B9371BD3E5E900C9132E /* AppDelegate.swift in Sources */ = {isa = PBXBuildFile; fileRef = 0EB7B9361BD3E5E900C9132E /* AppDelegate.swift */; };
		0EB7B9391BD3E5E900C9132E /* ViewController.swift in Sources */ = {isa = PBXBuildFile; fileRef = 0EB7B9381BD3E5E900C9132E /* ViewController.swift */; };
		0EB7B93C1BD3E5E900C9132E /* Main.storyboard in Resources */ = {isa = PBXBuildFile; fileRef = 0EB7B93A1BD3E5E900C9132E /* Main.storyboard */; };
		0EB7B93E1BD3E5E900C9132E /* Assets.xcassets in Resources */ = {isa = PBXBuildFile; fileRef = 0EB7B93D1BD3E5E900C9132E /* Assets.xcassets */; };
		0EB7B9411BD3E5E900C9132E /* LaunchScreen.storyboard in Resources */ = {isa = PBXBuildFile; fileRef = 0EB7B93F1BD3E5E900C9132E /* LaunchScreen.storyboard */; };
/* End PBXBuildFile section */

/* Begin PBXFileReference section */
		0EAEAD341BDED2D1005678BD /* LocationList - detail.app */ = {isa = PBXFileReference; explicitFileType = wrapper.application; includeInIndex = 0; path = "LocationList - detail.app"; sourceTree = BUILT_PRODUCTS_DIR; };
		0EAEAD361BDED2D1005678BD /* AppDelegate.swift */ = {isa = PBXFileReference; lastKnownFileType = sourcecode.swift; path = AppDelegate.swift; sourceTree = "<group>"; };
		0EAEAD381BDED2D1005678BD /* MasterViewController.swift */ = {isa = PBXFileReference; lastKnownFileType = sourcecode.swift; path = MasterViewController.swift; sourceTree = "<group>"; };
		0EAEAD3A1BDED2D1005678BD /* DetailViewController.swift */ = {isa = PBXFileReference; lastKnownFileType = sourcecode.swift; path = DetailViewController.swift; sourceTree = "<group>"; };
		0EAEAD3D1BDED2D1005678BD /* Base */ = {isa = PBXFileReference; lastKnownFileType = file.storyboard; name = Base; path = Base.lproj/Main.storyboard; sourceTree = "<group>"; };
		0EAEAD3F1BDED2D1005678BD /* Assets.xcassets */ = {isa = PBXFileReference; lastKnownFileType = folder.assetcatalog; path = Assets.xcassets; sourceTree = "<group>"; };
		0EAEAD421BDED2D1005678BD /* Base */ = {isa = PBXFileReference; lastKnownFileType = file.storyboard; name = Base; path = Base.lproj/LaunchScreen.storyboard; sourceTree = "<group>"; };
		0EAEAD441BDED2D1005678BD /* Info.plist */ = {isa = PBXFileReference; lastKnownFileType = text.plist.xml; path = Info.plist; sourceTree = "<group>"; };
		0EAEAD481BDEDFF5005678BD /* beep22.mp3 */ = {isa = PBXFileReference; lastKnownFileType = audio.mp3; name = beep22.mp3; path = ../../../Downloads/beep22.mp3; sourceTree = "<group>"; };
		0EB7B9331BD3E5E900C9132E /* LocationList2.0.app */ = {isa = PBXFileReference; explicitFileType = wrapper.application; includeInIndex = 0; path = LocationList2.0.app; sourceTree = BUILT_PRODUCTS_DIR; };
		0EB7B9361BD3E5E900C9132E /* AppDelegate.swift */ = {isa = PBXFileReference; lastKnownFileType = sourcecode.swift; path = AppDelegate.swift; sourceTree = "<group>"; };
		0EB7B9381BD3E5E900C9132E /* ViewController.swift */ = {isa = PBXFileReference; lastKnownFileType = sourcecode.swift; path = ViewController.swift; sourceTree = "<group>"; };
		0EB7B93B1BD3E5E900C9132E /* Base */ = {isa = PBXFileReference; lastKnownFileType = file.storyboard; name = Base; path = Base.lproj/Main.storyboard; sourceTree = "<group>"; };
		0EB7B93D1BD3E5E900C9132E /* Assets.xcassets */ = {isa = PBXFileReference; lastKnownFileType = folder.assetcatalog; path = Assets.xcassets; sourceTree = "<group>"; };
		0EB7B9401BD3E5E900C9132E /* Base */ = {isa = PBXFileReference; lastKnownFileType = file.storyboard; name = Base; path = Base.lproj/LaunchScreen.storyboard; sourceTree = "<group>"; };
		0EB7B9421BD3E5E900C9132E /* Info.plist */ = {isa = PBXFileReference; lastKnownFileType = text.plist.xml; path = Info.plist; sourceTree = "<group>"; };
/* End PBXFileReference section */

/* Begin PBXFrameworksBuildPhase section */
		0EAEAD311BDED2D1005678BD /* Frameworks */ = {
			isa = PBXFrameworksBuildPhase;
			buildActionMask = 2147483647;
			files = (
			);
			runOnlyForDeploymentPostprocessing = 0;
		};
		0EB7B9301BD3E5E900C9132E /* Frameworks */ = {
			isa = PBXFrameworksBuildPhase;
			buildActionMask = 2147483647;
			files = (
			);
			runOnlyForDeploymentPostprocessing = 0;
		};
/* End PBXFrameworksBuildPhase section */

/* Begin PBXGroup section */
		0EAEAD351BDED2D1005678BD /* LocationList - detail */ = {
			isa = PBXGroup;
			children = (
				0EAEAD481BDEDFF5005678BD /* beep22.mp3 */,
				0EAEAD361BDED2D1005678BD /* AppDelegate.swift */,
				0EAEAD381BDED2D1005678BD /* MasterViewController.swift */,
				0EAEAD3A1BDED2D1005678BD /* DetailViewController.swift */,
				0EAEAD3C1BDED2D1005678BD /* Main.storyboard */,
				0EAEAD3F1BDED2D1005678BD /* Assets.xcassets */,
				0EAEAD411BDED2D1005678BD /* LaunchScreen.storyboard */,
				0EAEAD441BDED2D1005678BD /* Info.plist */,
			);
			path = "LocationList - detail";
			sourceTree = "<group>";
		};
		0EB7B92A1BD3E5E900C9132E = {
			isa = PBXGroup;
			children = (
				0EB7B9351BD3E5E900C9132E /* LocationList2.0 */,
				0EAEAD351BDED2D1005678BD /* LocationList - detail */,
				0EB7B9341BD3E5E900C9132E /* Products */,
			);
			sourceTree = "<group>";
		};
		0EB7B9341BD3E5E900C9132E /* Products */ = {
			isa = PBXGroup;
			children = (
				0EB7B9331BD3E5E900C9132E /* LocationList2.0.app */,
				0EAEAD341BDED2D1005678BD /* LocationList - detail.app */,
			);
			name = Products;
			sourceTree = "<group>";
		};
		0EB7B9351BD3E5E900C9132E /* LocationList2.0 */ = {
			isa = PBXGroup;
			children = (
				0EB7B9361BD3E5E900C9132E /* AppDelegate.swift */,
				0EB7B9381BD3E5E900C9132E /* ViewController.swift */,
				0EB7B93A1BD3E5E900C9132E /* Main.storyboard */,
				0EB7B93D1BD3E5E900C9132E /* Assets.xcassets */,
				0EB7B93F1BD3E5E900C9132E /* LaunchScreen.storyboard */,
				0EB7B9421BD3E5E900C9132E /* Info.plist */,
			);
			path = LocationList2.0;
			sourceTree = "<group>";
		};
/* End PBXGroup section */

/* Begin PBXNativeTarget section */
		0EAEAD331BDED2D1005678BD /* LocationList - detail */ = {
			isa = PBXNativeTarget;
			buildConfigurationList = 0EAEAD471BDED2D1005678BD /* Build configuration list for PBXNativeTarget "LocationList - detail" */;
			buildPhases = (
				0EAEAD301BDED2D1005678BD /* Sources */,
				0EAEAD311BDED2D1005678BD /* Frameworks */,
				0EAEAD321BDED2D1005678BD /* Resources */,
			);
			buildRules = (
			);
			dependencies = (
			);
			name = "LocationList - detail";
			productName = "LocationList - detail";
			productReference = 0EAEAD341BDED2D1005678BD /* LocationList - detail.app */;
			productType = "com.apple.product-type.application";
		};
		0EB7B9321BD3E5E900C9132E /* LocationList2.0 */ = {
			isa = PBXNativeTarget;
			buildConfigurationList = 0EB7B9451BD3E5E900C9132E /* Build configuration list for PBXNativeTarget "LocationList2.0" */;
			buildPhases = (
				0EB7B92F1BD3E5E900C9132E /* Sources */,
				0EB7B9301BD3E5E900C9132E /* Frameworks */,
				0EB7B9311BD3E5E900C9132E /* Resources */,
			);
			buildRules = (
			);
			dependencies = (
			);
			name = LocationList2.0;
			productName = LocationList2.0;
			productReference = 0EB7B9331BD3E5E900C9132E /* LocationList2.0.app */;
			productType = "com.apple.product-type.application";
		};
/* End PBXNativeTarget section */

/* Begin PBXProject section */
		0EB7B92B1BD3E5E900C9132E /* Project object */ = {
			isa = PBXProject;
			attributes = {
				LastSwiftUpdateCheck = 0710;
				LastUpgradeCheck = 0700;
				ORGANIZATIONNAME = "Adrian Dan";
				TargetAttributes = {
					0EAEAD331BDED2D1005678BD = {
						CreatedOnToolsVersion = 7.1;
						DevelopmentTeam = 75NB7CUYEC;
					};
					0EB7B9321BD3E5E900C9132E = {
						CreatedOnToolsVersion = 7.0.1;
						DevelopmentTeam = 75NB7CUYEC;
					};
				};
			};
			buildConfigurationList = 0EB7B92E1BD3E5E900C9132E /* Build configuration list for PBXProject "LocationList2.0" */;
			compatibilityVersion = "Xcode 3.2";
			developmentRegion = English;
			hasScannedForEncodings = 0;
			knownRegions = (
				en,
				Base,
			);
			mainGroup = 0EB7B92A1BD3E5E900C9132E;
			productRefGroup = 0EB7B9341BD3E5E900C9132E /* Products */;
			projectDirPath = "";
			projectRoot = "";
			targets = (
				0EB7B9321BD3E5E900C9132E /* LocationList2.0 */,
				0EAEAD331BDED2D1005678BD /* LocationList - detail */,
			);
		};
/* End PBXProject section */

/* Begin PBXResourcesBuildPhase section */
		0EAEAD321BDED2D1005678BD /* Resources */ = {
			isa = PBXResourcesBuildPhase;
			buildActionMask = 2147483647;
			files = (
				0EAEAD491BDEDFF5005678BD /* beep22.mp3 in Resources */,
				0EAEAD431BDED2D1005678BD /* LaunchScreen.storyboard in Resources */,
				0EAEAD401BDED2D1005678BD /* Assets.xcassets in Resources */,
				0EAEAD3E1BDED2D1005678BD /* Main.storyboard in Resources */,
			);
			runOnlyForDeploymentPostprocessing = 0;
		};
		0EB7B9311BD3E5E900C9132E /* Resources */ = {
			isa = PBXResourcesBuildPhase;
			buildActionMask = 2147483647;
			files = (
				0EB7B9411BD3E5E900C9132E /* LaunchScreen.storyboard in Resources */,
				0EB7B93E1BD3E5E900C9132E /* Assets.xcassets in Resources */,
				0EB7B93C1BD3E5E900C9132E /* Main.storyboard in Resources */,
			);
			runOnlyForDeploymentPostprocessing = 0;
		};
/* End PBXResourcesBuildPhase section */

/* Begin PBXSourcesBuildPhase section */
		0EAEAD301BDED2D1005678BD /* Sources */ = {
			isa = PBXSourcesBuildPhase;
			buildActionMask = 2147483647;
			files = (
				0EAEAD3B1BDED2D1005678BD /* DetailViewController.swift in Sources */,
				0EAEAD391BDED2D1005678BD /* MasterViewController.swift in Sources */,
				0EAEAD371BDED2D1005678BD /* AppDelegate.swift in Sources */,
			);
			runOnlyForDeploymentPostprocessing = 0;
		};
		0EB7B92F1BD3E5E900C9132E /* Sources */ = {
			isa = PBXSourcesBuildPhase;
			buildActionMask = 2147483647;
			files = (
				0EB7B9391BD3E5E900C9132E /* ViewController.swift in Sources */,
				0EB7B9371BD3E5E900C9132E /* AppDelegate.swift in Sources */,
			);
			runOnlyForDeploymentPostprocessing = 0;
		};
/* End PBXSourcesBuildPhase section */

/* Begin PBXVariantGroup section */
		0EAEAD3C1BDED2D1005678BD /* Main.storyboard */ = {
			isa = PBXVariantGroup;
			children = (
				0EAEAD3D1BDED2D1005678BD /* Base */,
			);
			name = Main.storyboard;
			sourceTree = "<group>";
		};
		0EAEAD411BDED2D1005678BD /* LaunchScreen.storyboard */ = {
			isa = PBXVariantGroup;
			children = (
				0EAEAD421BDED2D1005678BD /* Base */,
			);
			name = LaunchScreen.storyboard;
			sourceTree = "<group>";
		};
		0EB7B93A1BD3E5E900C9132E /* Main.storyboard */ = {
			isa = PBXVariantGroup;
			children = (
				0EB7B93B1BD3E5E900C9132E /* Base */,
			);
			name = Main.storyboard;
			sourceTree = "<group>";
		};
		0EB7B93F1BD3E5E900C9132E /* LaunchScreen.storyboard */ = {
			isa = PBXVariantGroup;
			children = (
				0EB7B9401BD3E5E900C9132E /* Base */,
			);
			name = LaunchScreen.storyboard;
			sourceTree = "<group>";
		};
/* End PBXVariantGroup section */

/* Begin XCBuildConfiguration section */
		0EAEAD451BDED2D1005678BD /* Debug */ = {
			isa = XCBuildConfiguration;
			buildSettings = {
				ASSETCATALOG_COMPILER_APPICON_NAME = AppIcon;
				INFOPLIST_FILE = "LocationList - detail/Info.plist";
				IPHONEOS_DEPLOYMENT_TARGET = 9.1;
				LD_RUNPATH_SEARCH_PATHS = "$(inherited) @executable_path/Frameworks";
				PRODUCT_BUNDLE_IDENTIFIER = "cs.virginia.edu.4720.LocationList---detail";
				PRODUCT_NAME = "$(TARGET_NAME)";
			};
			name = Debug;
		};
		0EAEAD461BDED2D1005678BD /* Release */ = {
			isa = XCBuildConfiguration;
			buildSettings = {
				ASSETCATALOG_COMPILER_APPICON_NAME = AppIcon;
				INFOPLIST_FILE = "LocationList - detail/Info.plist";
				IPHONEOS_DEPLOYMENT_TARGET = 9.1;
				LD_RUNPATH_SEARCH_PATHS = "$(inherited) @executable_path/Frameworks";
				PRODUCT_BUNDLE_IDENTIFIER = "cs.virginia.edu.4720.LocationList---detail";
				PRODUCT_NAME = "$(TARGET_NAME)";
			};
			name = Release;
		};
		0EB7B9431BD3E5E900C9132E /* Debug */ = {
			isa = XCBuildConfiguration;
			buildSettings = {
				ALWAYS_SEARCH_USER_PATHS = NO;
				CLANG_CXX_LANGUAGE_STANDARD = "gnu++0x";
				CLANG_CXX_LIBRARY = "libc++";
				CLANG_ENABLE_MODULES = YES;
				CLANG_ENABLE_OBJC_ARC = YES;
				CLANG_WARN_BOOL_CONVERSION = YES;
				CLANG_WARN_CONSTANT_CONVERSION = YES;
				CLANG_WARN_DIRECT_OBJC_ISA_USAGE = YES_ERROR;
				CLANG_WARN_EMPTY_BODY = YES;
				CLANG_WARN_ENUM_CONVERSION = YES;
				CLANG_WARN_INT_CONVERSION = YES;
				CLANG_WARN_OBJC_ROOT_CLASS = YES_ERROR;
				CLANG_WARN_UNREACHABLE_CODE = YES;
				CLANG_WARN__DUPLICATE_METHOD_MATCH = YES;
				"CODE_SIGN_IDENTITY[sdk=iphoneos*]" = "iPhone Developer";
				COPY_PHASE_STRIP = NO;
				DEBUG_INFORMATION_FORMAT = dwarf;
				ENABLE_STRICT_OBJC_MSGSEND = YES;
				ENABLE_TESTABILITY = YES;
				GCC_C_LANGUAGE_STANDARD = gnu99;
				GCC_DYNAMIC_NO_PIC = NO;
				GCC_NO_COMMON_BLOCKS = YES;
				GCC_OPTIMIZATION_LEVEL = 0;
				GCC_PREPROCESSOR_DEFINITIONS = (
					"DEBUG=1",
					"$(inherited)",
				);
				GCC_WARN_64_TO_32_BIT_CONVERSION = YES;
				GCC_WARN_ABOUT_RETURN_TYPE = YES_ERROR;
				GCC_WARN_UNDECLARED_SELECTOR = YES;
				GCC_WARN_UNINITIALIZED_AUTOS = YES_AGGRESSIVE;
				GCC_WARN_UNUSED_FUNCTION = YES;
				GCC_WARN_UNUSED_VARIABLE = YES;
				IPHONEOS_DEPLOYMENT_TARGET = 9.0;
				MTL_ENABLE_DEBUG_INFO = YES;
				ONLY_ACTIVE_ARCH = YES;
				SDKROOT = iphoneos;
				SWIFT_OPTIMIZATION_LEVEL = "-Onone";
				TARGETED_DEVICE_FAMILY = "1,2";
			};
			name = Debug;
		};
		0EB7B9441BD3E5E900C9132E /* Release */ = {
			isa = XCBuildConfiguration;
			buildSettings = {
				ALWAYS_SEARCH_USER_PATHS = NO;
				CLANG_CXX_LANGUAGE_STANDARD = "gnu++0x";
				CLANG_CXX_LIBRARY = "libc++";
				CLANG_ENABLE_MODULES = YES;
				CLANG_ENABLE_OBJC_ARC = YES;
				CLANG_WARN_BOOL_CONVERSION = YES;
				CLANG_WARN_CONSTANT_CONVERSION = YES;
				CLANG_WARN_DIRECT_OBJC_ISA_USAGE = YES_ERROR;
				CLANG_WARN_EMPTY_BODY = YES;
				CLANG_WARN_ENUM_CONVERSION = YES;
				CLANG_WARN_INT_CONVERSION = YES;
				CLANG_WARN_OBJC_ROOT_CLASS = YES_ERROR;
				CLANG_WARN_UNREACHABLE_CODE = YES;
				CLANG_WARN__DUPLICATE_METHOD_MATCH = YES;
				"CODE_SIGN_IDENTITY[sdk=iphoneos*]" = "iPhone Developer";
				COPY_PHASE_STRIP = NO;
				DEBUG_INFORMATION_FORMAT = "dwarf-with-dsym";
				ENABLE_NS_ASSERTIONS = NO;
				ENABLE_STRICT_OBJC_MSGSEND = YES;
				GCC_C_LANGUAGE_STANDARD = gnu99;
				GCC_NO_COMMON_BLOCKS = YES;
				GCC_WARN_64_TO_32_BIT_CONVERSION = YES;
				GCC_WARN_ABOUT_RETURN_TYPE = YES_ERROR;
				GCC_WARN_UNDECLARED_SELECTOR = YES;
				GCC_WARN_UNINITIALIZED_AUTOS = YES_AGGRESSIVE;
				GCC_WARN_UNUSED_FUNCTION = YES;
				GCC_WARN_UNUSED_VARIABLE = YES;
				IPHONEOS_DEPLOYMENT_TARGET = 9.0;
				MTL_ENABLE_DEBUG_INFO = NO;
				SDKROOT = iphoneos;
				TARGETED_DEVICE_FAMILY = "1,2";
				VALIDATE_PRODUCT = YES;
			};
			name = Release;
		};
		0EB7B9461BD3E5E900C9132E /* Debug */ = {
			isa = XCBuildConfiguration;
			buildSettings = {
				ASSETCATALOG_COMPILER_APPICON_NAME = AppIcon;
				CODE_SIGN_IDENTITY = "iPhone Developer";
				INFOPLIST_FILE = LocationList2.0/Info.plist;
				IPHONEOS_DEPLOYMENT_TARGET = 9.0;
				LD_RUNPATH_SEARCH_PATHS = "$(inherited) @executable_path/Frameworks";
				PRODUCT_BUNDLE_IDENTIFIER = "cs.virginia.edu.4720.LocationList2-0";
				PRODUCT_NAME = "$(TARGET_NAME)";
			};
			name = Debug;
		};
		0EB7B9471BD3E5E900C9132E /* Release */ = {
			isa = XCBuildConfiguration;
			buildSettings = {
				ASSETCATALOG_COMPILER_APPICON_NAME = AppIcon;
				CODE_SIGN_IDENTITY = "iPhone Developer";
				INFOPLIST_FILE = LocationList2.0/Info.plist;
				IPHONEOS_DEPLOYMENT_TARGET = 9.0;
				LD_RUNPATH_SEARCH_PATHS = "$(inherited) @executable_path/Frameworks";
				PRODUCT_BUNDLE_IDENTIFIER = "cs.virginia.edu.4720.LocationList2-0";
				PRODUCT_NAME = "$(TARGET_NAME)";
			};
			name = Release;
		};
/* End XCBuildConfiguration section */

/* Begin XCConfigurationList section */
		0EAEAD471BDED2D1005678BD /* Build configuration list for PBXNativeTarget "LocationList - detail" */ = {
			isa = XCConfigurationList;
			buildConfigurations = (
				0EAEAD451BDED2D1005678BD /* Debug */,
				0EAEAD461BDED2D1005678BD /* Release */,
			);
			defaultConfigurationIsVisible = 0;
		};
		0EB7B92E1BD3E5E900C9132E /* Build configuration list for PBXProject "LocationList2.0" */ = {
			isa = XCConfigurationList;
			buildConfigurations = (
				0EB7B9431BD3E5E900C9132E /* Debug */,
				0EB7B9441BD3E5E900C9132E /* Release */,
			);
			defaultConfigurationIsVisible = 0;
			defaultConfigurationName = Release;
		};
		0EB7B9451BD3E5E900C9132E /* Build configuration list for PBXNativeTarget "LocationList2.0" */ = {
			isa = XCConfigurationList;
			buildConfigurations = (
				0EB7B9461BD3E5E900C9132E /* Debug */,
				0EB7B9471BD3E5E900C9132E /* Release */,
			);
			defaultConfigurationIsVisible = 0;
			defaultConfigurationName = Release;
		};
/* End XCConfigurationList section */
	};
	rootObject = 0EB7B92B1BD3E5E900C9132E /* Project object */;
}
